{
  "name": "@min-pack/quickjs",
  "version": "0.0.4",
  "lockfileVersion": 3,
  "requires": true,
  "packages": {
    "": {
      "name": "@min-pack/quickjs",
      "version": "0.0.4",
      "devDependencies": {
        "@jitl/quickjs-singlefile-cjs-release-sync": "0.31.0",
        "quickjs-emscripten-core": "0.31.0"
      }
    },
    "node_modules/@jitl/quickjs-ffi-types": {
      "version": "0.31.0",
      "resolved": "https://registry.npmjs.org/@jitl/quickjs-ffi-types/-/quickjs-ffi-types-0.31.0.tgz",
      "integrity": "sha512-1yrgvXlmXH2oNj3eFTrkwacGJbmM0crwipA3ohCrjv52gBeDaD7PsTvFYinlAnqU8iPME3LGP437yk05a2oejw==",
      "dev": true,
      "license": "MIT"
    },
    "node_modules/@jitl/quickjs-singlefile-cjs-release-sync": {
      "version": "0.31.0",
      "resolved": "https://registry.npmjs.org/@jitl/quickjs-singlefile-cjs-release-sync/-/quickjs-singlefile-cjs-release-sync-0.31.0.tgz",
      "integrity": "sha512-TQ6WUsmdcdlXQKPyyGE/qNAoWY83mvjn+VNru6ug5ILv1D3Y+yaFXnMx+QyNX0onx9xSRGgVNZxXN0V0U+ZKpQ==",
      "dev": true,
      "license": "MIT",
      "dependencies": {
        "@jitl/quickjs-ffi-types": "0.31.0"
      }
    },
    "node_modules/quickjs-emscripten-core": {
      "version": "0.31.0",
      "resolved": "https://registry.npmjs.org/quickjs-emscripten-core/-/quickjs-emscripten-core-0.31.0.tgz",
      "integrity": "sha512-oQz8p0SiKDBc1TC7ZBK2fr0GoSHZKA0jZIeXxsnCyCs4y32FStzCW4d1h6E1sE0uHDMbGITbk2zhNaytaoJwXQ==",
      "dev": true,
      "license": "MIT",
      "dependencies": {
        "@jitl/quickjs-ffi-types": "0.31.0"
      }
    }
  }
}
