{
  "name": "@min-pack/tfjs-node",
  "version": "3.8.1-patch.0",
  "lockfileVersion": 3,
  "requires": true,
  "packages": {
    "": {
      "name": "@min-pack/tfjs-node",
      "version": "3.8.1-patch.0",
      "devDependencies": {
        "@huggingface/transformers": "3.8.1",
        "onnxruntime-node": "1.24.3"
      }
    },
    "node_modules/@huggingface/jinja": {
      "version": "0.5.6",
      "resolved": "https://registry.npmjs.org/@huggingface/jinja/-/jinja-0.5.6.tgz",
      "integrity": "sha512-MyMWyLnjqo+KRJYSH7oWNbsOn5onuIvfXYPcc0WOGxU0eHUV7oAYUoQTl2BMdu7ml+ea/bu11UM+EshbeHwtIA==",
      "dev": true,
      "license": "MIT",
      "engines": {
        "node": ">=18"
      }
    },
    "node_modules/@huggingface/transformers": {
      "version": "3.8.1",
      "resolved": "https://registry.npmjs.org/@huggingface/transformers/-/transformers-3.8.1.tgz",
      "integrity": "sha512-tsTk4zVjImqdqjS8/AOZg2yNLd1z9S5v+7oUPpXaasDRwEDhB+xnglK1k5cad26lL5/ZIaeREgWWy0bs9y9pPA==",
      "dev": true,
      "license": "Apache-2.0",
      "dependencies": {
        "@huggingface/jinja": "^0.5.3",
        "onnxruntime-node": "1.21.0",
        "onnxruntime-web": "1.22.0-dev.20250409-89f8206ba4",
        "sharp": "^0.34.1"
      }
    },
    "node_modules/adm-zip": {
      "name": "1mb",
      "version": "0.0.4",
      "resolved": "https://registry.npmjs.org/1mb/-/1mb-0.0.4.tgz",
      "integrity": "sha512-0iudHm7gTx7i8G6NNbV7fv8oGsLy/shZNaxIEeOrwGS2rYjSeolL44V9XoJj/i6FaDBH3Pxmx2M3KK+g4IM+Xg==",
      "dev": true,
      "license": "MIT",
      "engines": {
        "node": ">=10.15",
        "npm": ">=6"
      }
    },
    "node_modules/global-agent": {
      "name": "1mb",
      "version": "0.0.4",
      "resolved": "https://registry.npmjs.org/1mb/-/1mb-0.0.4.tgz",
      "integrity": "sha512-0iudHm7gTx7i8G6NNbV7fv8oGsLy/shZNaxIEeOrwGS2rYjSeolL44V9XoJj/i6FaDBH3Pxmx2M3KK+g4IM+Xg==",
      "dev": true,
      "license": "MIT",
      "engines": {
        "node": ">=10.15",
        "npm": ">=6"
      }
    },
    "node_modules/onnxruntime-common": {
      "version": "1.24.3",
      "resolved": "https://registry.npmjs.org/onnxruntime-common/-/onnxruntime-common-1.24.3.tgz",
      "integrity": "sha512-GeuPZO6U/LBJXvwdaqHbuUmoXiEdeCjWi/EG7Y1HNnDwJYuk6WUbNXpF6luSUY8yASul3cmUlLGrCCL1ZgVXqA==",
      "dev": true,
      "license": "MIT"
    },
    "node_modules/onnxruntime-node": {
      "version": "1.24.3",
      "resolved": "https://registry.npmjs.org/onnxruntime-node/-/onnxruntime-node-1.24.3.tgz",
      "integrity": "sha512-JH7+czbc8ALA819vlTgcV+Q214/+VjGeBHDjX81+ZCD0PCVCIFGFNtT0V4sXG/1JXypKPgScQcB3ij/hk3YnTg==",
      "dev": true,
      "hasInstallScript": true,
      "license": "MIT",
      "os": [
        "win32",
        "darwin",
        "linux"
      ],
      "dependencies": {
        "adm-zip": "^0.5.16",
        "global-agent": "^3.0.0",
        "onnxruntime-common": "1.24.3"
      }
    },
    "node_modules/onnxruntime-web": {
      "name": "1mb",
      "version": "0.0.4",
      "resolved": "https://registry.npmjs.org/1mb/-/1mb-0.0.4.tgz",
      "integrity": "sha512-0iudHm7gTx7i8G6NNbV7fv8oGsLy/shZNaxIEeOrwGS2rYjSeolL44V9XoJj/i6FaDBH3Pxmx2M3KK+g4IM+Xg==",
      "dev": true,
      "license": "MIT",
      "engines": {
        "node": ">=10.15",
        "npm": ">=6"
      }
    },
    "node_modules/sharp": {
      "name": "1mb",
      "version": "0.0.4",
      "resolved": "https://registry.npmjs.org/1mb/-/1mb-0.0.4.tgz",
      "integrity": "sha512-0iudHm7gTx7i8G6NNbV7fv8oGsLy/shZNaxIEeOrwGS2rYjSeolL44V9XoJj/i6FaDBH3Pxmx2M3KK+g4IM+Xg==",
      "dev": true,
      "license": "MIT",
      "engines": {
        "node": ">=10.15",
        "npm": ">=6"
      }
    }
  }
}
