{
  "name": "@min-pack/tfjs-node",
  "version": "2.17.2",
  "lockfileVersion": 3,
  "requires": true,
  "packages": {
    "": {
      "name": "@min-pack/tfjs-node",
      "version": "2.17.2",
      "devDependencies": {
        "@xenova/transformers": "2.17.1",
        "onnxruntime-node": "1.14.0"
      }
    },
    "node_modules/@huggingface/jinja": {
      "version": "0.2.2",
      "resolved": "https://registry.npmjs.org/@huggingface/jinja/-/jinja-0.2.2.tgz",
      "integrity": "sha512-/KPde26khDUIPkTGU82jdtTW9UAuvUTumCAbFs/7giR0SxsvZC4hru51PBvpijH6BVkHcROcvZM/lpy5h1jRRA==",
      "dev": true,
      "engines": {
        "node": ">=18"
      }
    },
    "node_modules/@xenova/transformers": {
      "version": "2.17.1",
      "resolved": "https://registry.npmjs.org/@xenova/transformers/-/transformers-2.17.1.tgz",
      "integrity": "sha512-zo702tQAFZXhzeD2GCYUNUqeqkoueOdiSbQWa4s0q7ZE4z8WBIwIsMMPGobpgdqjQ2u0Qulo08wuqVEUrBXjkQ==",
      "dev": true,
      "dependencies": {
        "@huggingface/jinja": "^0.2.2",
        "onnxruntime-web": "1.14.0",
        "sharp": "^0.32.0"
      },
      "optionalDependencies": {
        "onnxruntime-node": "1.14.0"
      }
    },
    "node_modules/onnxruntime-common": {
      "version": "1.14.0",
      "resolved": "https://registry.npmjs.org/onnxruntime-common/-/onnxruntime-common-1.14.0.tgz",
      "integrity": "sha512-3LJpegM2iMNRX2wUmtYfeX/ytfOzNwAWKSq1HbRrKc9+uqG/FsEA0bbKZl1btQeZaXhC26l44NWpNUeXPII7Ew==",
      "dev": true
    },
    "node_modules/onnxruntime-node": {
      "version": "1.14.0",
      "resolved": "https://registry.npmjs.org/onnxruntime-node/-/onnxruntime-node-1.14.0.tgz",
      "integrity": "sha512-5ba7TWomIV/9b6NH/1x/8QEeowsb+jBEvFzU6z0T4mNsFwdPqXeFUM7uxC6QeSRkEbWu3qEB0VMjrvzN/0S9+w==",
      "dev": true,
      "os": [
        "win32",
        "darwin",
        "linux"
      ],
      "dependencies": {
        "onnxruntime-common": "~1.14.0"
      }
    },
    "node_modules/onnxruntime-web": {
      "name": "1mb",
      "version": "0.0.4",
      "resolved": "https://registry.npmjs.org/1mb/-/1mb-0.0.4.tgz",
      "integrity": "sha512-0iudHm7gTx7i8G6NNbV7fv8oGsLy/shZNaxIEeOrwGS2rYjSeolL44V9XoJj/i6FaDBH3Pxmx2M3KK+g4IM+Xg==",
      "dev": true,
      "engines": {
        "node": ">=10.15",
        "npm": ">=6"
      }
    },
    "node_modules/sharp": {
      "name": "1mb",
      "version": "0.0.4",
      "resolved": "https://registry.npmjs.org/1mb/-/1mb-0.0.4.tgz",
      "integrity": "sha512-0iudHm7gTx7i8G6NNbV7fv8oGsLy/shZNaxIEeOrwGS2rYjSeolL44V9XoJj/i6FaDBH3Pxmx2M3KK+g4IM+Xg==",
      "dev": true,
      "engines": {
        "node": ">=10.15",
        "npm": ">=6"
      }
    }
  }
}
